
Microsoft Visual Studio Solution File, Format Version 12.00
# Visual Studio Version 17
VisualStudioVersion = 17.2.32526.322
MinimumVisualStudioVersion = 10.0.40219.1
Project("{9A19103F-16F7-4668-BE54-9A1E7A4F7556}") = "WeatherApp", "src\WeatherApp\WeatherApp.csproj", "{AE3C8AC4-A49D-4849-BDBB-E6B1D531D504}"
EndProject
Global
	GlobalSection(SolutionConfigurationPlatforms) = preSolution
		Debug|Any CPU = Debug|Any CPU
		Release|Any CPU = Release|Any CPU
	EndGlobalSection
	GlobalSection(ProjectConfigurationPlatforms) = postSolution
		{AE3C8AC4-A49D-4849-BDBB-E6B1D531D504}.Debug|Any CPU.ActiveCfg = Debug|Any CPU
		{AE3C8AC4-A49D-4849-BDBB-E6B1D531D504}.Debug|Any CPU.Build.0 = Debug|Any CPU
		{AE3C8AC4-A49D-4849-BDBB-E6B1D531D504}.Release|Any CPU.ActiveCfg = Release|Any CPU
		{AE3C8AC4-A49D-4849-BDBB-E6B1D531D504}.Release|Any CPU.Build.0 = Release|Any CPU
	EndGlobalSection
	GlobalSection(SolutionProperties) = preSolution
		HideSolutionNode = FALSE
	EndGlobalSection
	GlobalSection(ExtensibilityGlobals) = postSolution
		SolutionGuid = {2A6DAAD8-87E8-4729-A1CD-5E9422EC2A39}
	EndGlobalSection
EndGlobal
